
Microsoft Visual Studio Solution File, Format Version 12.00
# Visual Studio Version 17
VisualStudioVersion = 17.11.35219.272
MinimumVisualStudioVersion = 10.0.40219.1
Project("{9A19103F-16F7-4668-BE54-9A1E7A4F7556}") = "ChronoFlow.Server", "ChronoFlow.Server\ChronoFlow.Server.csproj", "{F86293FF-6005-4369-8B7C-E4BD7C808856}"
EndProject
Project("{9A19103F-16F7-4668-BE54-9A1E7A4F7556}") = "ChronoFlow.Client.WASM", "ChronoFlow.Client.WASM\ChronoFlow.Client.WASM.csproj", "{3A43E1F0-CF25-425F-A64F-6256B40BF636}"
EndProject
Project("{9A19103F-16F7-4668-BE54-9A1E7A4F7556}") = "ChronoFlow.Client.MAUI", "ChronoFlow.Client.MAUI\ChronoFlow.Client.MAUI.csproj", "{2DB455B9-C57F-4312-A819-C72D0D4BE187}"
EndProject
Project("{9A19103F-16F7-4668-BE54-9A1E7A4F7556}") = "ChronoFlow.Client", "ChronoFlow.Client\ChronoFlow.Client.csproj", "{E6D77838-5EC3-4B64-BEB5-959312CE5047}"
EndProject
Project("{9A19103F-16F7-4668-BE54-9A1E7A4F7556}") = "ChronoFlow.Shared", "ChronoFlow.Shared\ChronoFlow.Shared.csproj", "{61563599-7431-4148-85A1-8C84026DEE72}"
EndProject
Global
	GlobalSection(SolutionConfigurationPlatforms) = preSolution
		Debug|Any CPU = Debug|Any CPU
		Release|Any CPU = Release|Any CPU
	EndGlobalSection
	GlobalSection(ProjectConfigurationPlatforms) = postSolution
		{F86293FF-6005-4369-8B7C-E4BD7C808856}.Debug|Any CPU.ActiveCfg = Debug|Any CPU
		{F86293FF-6005-4369-8B7C-E4BD7C808856}.Debug|Any CPU.Build.0 = Debug|Any CPU
		{F86293FF-6005-4369-8B7C-E4BD7C808856}.Release|Any CPU.ActiveCfg = Release|Any CPU
		{F86293FF-6005-4369-8B7C-E4BD7C808856}.Release|Any CPU.Build.0 = Release|Any CPU
		{3A43E1F0-CF25-425F-A64F-6256B40BF636}.Debug|Any CPU.ActiveCfg = Debug|Any CPU
		{3A43E1F0-CF25-425F-A64F-6256B40BF636}.Debug|Any CPU.Build.0 = Debug|Any CPU
		{3A43E1F0-CF25-425F-A64F-6256B40BF636}.Release|Any CPU.ActiveCfg = Release|Any CPU
		{3A43E1F0-CF25-425F-A64F-6256B40BF636}.Release|Any CPU.Build.0 = Release|Any CPU
		{2DB455B9-C57F-4312-A819-C72D0D4BE187}.Debug|Any CPU.ActiveCfg = Debug|Any CPU
		{2DB455B9-C57F-4312-A819-C72D0D4BE187}.Debug|Any CPU.Build.0 = Debug|Any CPU
		{2DB455B9-C57F-4312-A819-C72D0D4BE187}.Debug|Any CPU.Deploy.0 = Debug|Any CPU
		{2DB455B9-C57F-4312-A819-C72D0D4BE187}.Release|Any CPU.ActiveCfg = Release|Any CPU
		{2DB455B9-C57F-4312-A819-C72D0D4BE187}.Release|Any CPU.Build.0 = Release|Any CPU
		{2DB455B9-C57F-4312-A819-C72D0D4BE187}.Release|Any CPU.Deploy.0 = Release|Any CPU
		{E6D77838-5EC3-4B64-BEB5-959312CE5047}.Debug|Any CPU.ActiveCfg = Debug|Any CPU
		{E6D77838-5EC3-4B64-BEB5-959312CE5047}.Debug|Any CPU.Build.0 = Debug|Any CPU
		{E6D77838-5EC3-4B64-BEB5-959312CE5047}.Release|Any CPU.ActiveCfg = Release|Any CPU
		{E6D77838-5EC3-4B64-BEB5-959312CE5047}.Release|Any CPU.Build.0 = Release|Any CPU
		{61563599-7431-4148-85A1-8C84026DEE72}.Debug|Any CPU.ActiveCfg = Debug|Any CPU
		{61563599-7431-4148-85A1-8C84026DEE72}.Debug|Any CPU.Build.0 = Debug|Any CPU
		{61563599-7431-4148-85A1-8C84026DEE72}.Release|Any CPU.ActiveCfg = Release|Any CPU
		{61563599-7431-4148-85A1-8C84026DEE72}.Release|Any CPU.Build.0 = Release|Any CPU
	EndGlobalSection
	GlobalSection(SolutionProperties) = preSolution
		HideSolutionNode = FALSE
	EndGlobalSection
	GlobalSection(ExtensibilityGlobals) = postSolution
		SolutionGuid = {7FD1AA35-5B4B-40D5-862C-B15A177EF7CA}
	EndGlobalSection
EndGlobal
